
Microsoft Visual Studio Solution File, Format Version 12.00
# Visual Studio Version 16
VisualStudioVersion = 16.0.31402.337
MinimumVisualStudioVersion = 10.0.40219.1
Project("{FAE04EC0-301F-11D3-BF4B-00C04F79EFBC}") = "AudioTel", "AudioTel.csproj", "{88F1BB9E-2892-4EF3-A4BE-FC1853808462}"
EndProject
Global
	GlobalSection(SolutionConfigurationPlatforms) = preSolution
		Debug|Any CPU = Debug|Any CPU
		Release|Any CPU = Release|Any CPU
	EndGlobalSection
	GlobalSection(ProjectConfigurationPlatforms) = postSolution
		{88F1BB9E-2892-4EF3-A4BE-FC1853808462}.Debug|Any CPU.ActiveCfg = Debug|Any CPU
		{88F1BB9E-2892-4EF3-A4BE-FC1853808462}.Debug|Any CPU.Build.0 = Debug|Any CPU
		{88F1BB9E-2892-4EF3-A4BE-FC1853808462}.Release|Any CPU.ActiveCfg = Release|Any CPU
		{88F1BB9E-2892-4EF3-A4BE-FC1853808462}.Release|Any CPU.Build.0 = Release|Any CPU
	EndGlobalSection
	GlobalSection(SolutionProperties) = preSolution
		HideSolutionNode = FALSE
	EndGlobalSection
	GlobalSection(ExtensibilityGlobals) = postSolution
		SolutionGuid = {DC3F4112-E2D2-4D82-892D-96EDD04D1CA5}
	EndGlobalSection
EndGlobal
